
Microsoft Visual Studio Solution File, Format Version 12.00
# Visual Studio Version 16
VisualStudioVersion = 16.0.30523.141
MinimumVisualStudioVersion = 10.0.40219.1
Project("{FAE04EC0-301F-11D3-BF4B-00C04F79EFBC}") = "заполнение 2го массива змейкой", "заполнение 2го массива змейкой\заполнение 2го массива змейкой.csproj", "{CCE9F48A-8A58-45D5-B863-AD4D26E883DF}"
EndProject
Global
	GlobalSection(SolutionConfigurationPlatforms) = preSolution
		Debug|Any CPU = Debug|Any CPU
		Release|Any CPU = Release|Any CPU
	EndGlobalSection
	GlobalSection(ProjectConfigurationPlatforms) = postSolution
		{CCE9F48A-8A58-45D5-B863-AD4D26E883DF}.Debug|Any CPU.ActiveCfg = Debug|Any CPU
		{CCE9F48A-8A58-45D5-B863-AD4D26E883DF}.Debug|Any CPU.Build.0 = Debug|Any CPU
		{CCE9F48A-8A58-45D5-B863-AD4D26E883DF}.Release|Any CPU.ActiveCfg = Release|Any CPU
		{CCE9F48A-8A58-45D5-B863-AD4D26E883DF}.Release|Any CPU.Build.0 = Release|Any CPU
	EndGlobalSection
	GlobalSection(SolutionProperties) = preSolution
		HideSolutionNode = FALSE
	EndGlobalSection
	GlobalSection(ExtensibilityGlobals) = postSolution
		SolutionGuid = {7FE2FBAD-50EE-4B9F-A222-2DA13A71B005}
	EndGlobalSection
EndGlobal
